
Microsoft Visual Studio Solution File, Format Version 12.00
# Visual Studio Version 17
VisualStudioVersion = 17.13.35818.85 d17.13
MinimumVisualStudioVersion = 10.0.40219.1
Project("{FAE04EC0-301F-11D3-BF4B-00C04F79EFBC}") = "Managment_back", "Managment_back\Managment_back.csproj", "{62334A45-38EF-4E6C-99A6-DE1F884FF7CD}"
EndProject
Global
	GlobalSection(SolutionConfigurationPlatforms) = preSolution
		Debug|Any CPU = Debug|Any CPU
		Release|Any CPU = Release|Any CPU
	EndGlobalSection
	GlobalSection(ProjectConfigurationPlatforms) = postSolution
		{62334A45-38EF-4E6C-99A6-DE1F884FF7CD}.Debug|Any CPU.ActiveCfg = Debug|Any CPU
		{62334A45-38EF-4E6C-99A6-DE1F884FF7CD}.Debug|Any CPU.Build.0 = Debug|Any CPU
		{62334A45-38EF-4E6C-99A6-DE1F884FF7CD}.Release|Any CPU.ActiveCfg = Release|Any CPU
		{62334A45-38EF-4E6C-99A6-DE1F884FF7CD}.Release|Any CPU.Build.0 = Release|Any CPU
	EndGlobalSection
	GlobalSection(SolutionProperties) = preSolution
		HideSolutionNode = FALSE
	EndGlobalSection
	GlobalSection(ExtensibilityGlobals) = postSolution
		SolutionGuid = {9795218D-1AE6-4D60-A4D1-AE3F5C2AB25C}
	EndGlobalSection
EndGlobal
